{
  "lockfileVersion": 1,
  "workspaces": {
    "": {
      "name": "truto-test-api",
      "dependencies": {
        "hono": "4.7.4",
        "lodash-es": "4.17.21",
        "luxon": "3.5.0",
      },
      "devDependencies": {
        "@types/bun": "latest",
        "@types/lodash-es": "4.17.12",
        "@types/luxon": "3.4.2",
      },
    },
  },
  "packages": {
    "@types/bun": ["@types/bun@1.2.5", "", { "dependencies": { "bun-types": "1.2.5" } }, "sha512-w2OZTzrZTVtbnJew1pdFmgV99H0/L+Pvw+z1P67HaR18MHOzYnTYOi6qzErhK8HyT+DB782ADVPPE92Xu2/Opg=="],

    "@types/lodash": ["@types/lodash@4.17.16", "", {}, "sha512-HX7Em5NYQAXKW+1T+FiuG27NGwzJfCX3s1GjOa7ujxZa52kjJLOr4FUxT+giF6Tgxv1e+/czV/iTtBw27WTU9g=="],

    "@types/lodash-es": ["@types/lodash-es@4.17.12", "", { "dependencies": { "@types/lodash": "*" } }, "sha512-0NgftHUcV4v34VhXm8QBSftKVXtbkBG3ViCjs6+eJ5a6y6Mi/jiFGPc1sC7QK+9BFhWrURE3EOggmWaSxL9OzQ=="],

    "@types/luxon": ["@types/luxon@3.4.2", "", {}, "sha512-TifLZlFudklWlMBfhubvgqTXRzLDI5pCbGa4P8a3wPyUQSW+1xQ5eDsreP9DWHX3tjq1ke96uYG/nwundroWcA=="],

    "@types/node": ["@types/node@22.13.10", "", { "dependencies": { "undici-types": "~6.20.0" } }, "sha512-I6LPUvlRH+O6VRUqYOcMudhaIdUVWfsjnZavnsraHvpBwaEyMN29ry+0UVJhImYL16xsscu0aske3yA+uPOWfw=="],

    "@types/ws": ["@types/ws@8.5.14", "", { "dependencies": { "@types/node": "*" } }, "sha512-bd/YFLW+URhBzMXurx7lWByOu+xzU9+kb3RboOteXYDfW+tr+JZa99OyNmPINEGB/ahzKrEuc8rcv4gnpJmxTw=="],

    "bun-types": ["bun-types@1.2.5", "", { "dependencies": { "@types/node": "*", "@types/ws": "~8.5.10" } }, "sha512-3oO6LVGGRRKI4kHINx5PIdIgnLRb7l/SprhzqXapmoYkFl5m4j6EvALvbDVuuBFaamB46Ap6HCUxIXNLCGy+tg=="],

    "hono": ["hono@4.7.4", "", {}, "sha512-Pst8FuGqz3L7tFF+u9Pu70eI0xa5S3LPUmrNd5Jm8nTHze9FxLTK9Kaj5g/k4UcwuJSXTP65SyHOPLrffpcAJg=="],

    "lodash-es": ["lodash-es@4.17.21", "", {}, "sha512-mKnC+QJ9pWVzv+C4/U3rRsHapFfHvQFoFB92e52xeyGMcX6/OlIl78je1u8vePzYZSkkogMPJ2yjxxsb89cxyw=="],

    "luxon": ["luxon@3.5.0", "", {}, "sha512-rh+Zjr6DNfUYR3bPwJEnuwDdqMbxZW7LOQfUN4B54+Cl+0o5zaU9RJ6bcidfDtC1cWCZXQ+nvX8bf6bAji37QQ=="],

    "undici-types": ["undici-types@6.20.0", "", {}, "sha512-Ny6QZ2Nju20vw1SRHe3d9jVu6gJ+4e3+MMpqu7pqE5HT6WsTSlce++GQmK5UXS8mzV8DSYHrQH+Xrf2jVcuKNg=="],
  }
}
